
Microsoft Visual Studio Solution File, Format Version 12.00
# Visual Studio Version 17
VisualStudioVersion = 17.9.34728.123
MinimumVisualStudioVersion = 10.0.40219.1
Project("{FAE04EC0-301F-11D3-BF4B-00C04F79EFBC}") = "TablicaMnozenja", "TablicaMnozenja\TablicaMnozenja.csproj", "{475A404B-C8A0-48E5-8E07-B1F9ABF66DCB}"
EndProject
Global
	GlobalSection(SolutionConfigurationPlatforms) = preSolution
		Debug|Any CPU = Debug|Any CPU
		Release|Any CPU = Release|Any CPU
	EndGlobalSection
	GlobalSection(ProjectConfigurationPlatforms) = postSolution
		{475A404B-C8A0-48E5-8E07-B1F9ABF66DCB}.Debug|Any CPU.ActiveCfg = Debug|Any CPU
		{475A404B-C8A0-48E5-8E07-B1F9ABF66DCB}.Debug|Any CPU.Build.0 = Debug|Any CPU
		{475A404B-C8A0-48E5-8E07-B1F9ABF66DCB}.Release|Any CPU.ActiveCfg = Release|Any CPU
		{475A404B-C8A0-48E5-8E07-B1F9ABF66DCB}.Release|Any CPU.Build.0 = Release|Any CPU
	EndGlobalSection
	GlobalSection(SolutionProperties) = preSolution
		HideSolutionNode = FALSE
	EndGlobalSection
	GlobalSection(ExtensibilityGlobals) = postSolution
		SolutionGuid = {99C758C1-CAAC-44F8-93A6-9486C7C78D3C}
	EndGlobalSection
EndGlobal
