
Microsoft Visual Studio Solution File, Format Version 12.00
# Visual Studio Version 17
VisualStudioVersion = 17.9.34728.123
MinimumVisualStudioVersion = 10.0.40219.1
Project("{FAE04EC0-301F-11D3-BF4B-00C04F79EFBC}") = "Vjezba01", "Vjezba01\Vjezba01.csproj", "{E650AE60-6C7B-4C5B-9F7F-A22FDB5EFCF1}"
EndProject
Global
	GlobalSection(SolutionConfigurationPlatforms) = preSolution
		Debug|Any CPU = Debug|Any CPU
		Release|Any CPU = Release|Any CPU
	EndGlobalSection
	GlobalSection(ProjectConfigurationPlatforms) = postSolution
		{E650AE60-6C7B-4C5B-9F7F-A22FDB5EFCF1}.Debug|Any CPU.ActiveCfg = Debug|Any CPU
		{E650AE60-6C7B-4C5B-9F7F-A22FDB5EFCF1}.Debug|Any CPU.Build.0 = Debug|Any CPU
		{E650AE60-6C7B-4C5B-9F7F-A22FDB5EFCF1}.Release|Any CPU.ActiveCfg = Release|Any CPU
		{E650AE60-6C7B-4C5B-9F7F-A22FDB5EFCF1}.Release|Any CPU.Build.0 = Release|Any CPU
	EndGlobalSection
	GlobalSection(SolutionProperties) = preSolution
		HideSolutionNode = FALSE
	EndGlobalSection
	GlobalSection(ExtensibilityGlobals) = postSolution
		SolutionGuid = {ACC2955D-8C8C-4B1C-B98B-03666A9E744D}
	EndGlobalSection
EndGlobal
